
Microsoft Visual Studio Solution File, Format Version 12.00
# Visual Studio Version 17
VisualStudioVersion = 17.11.35222.181
MinimumVisualStudioVersion = 10.0.40219.1
Project("{FAE04EC0-301F-11D3-BF4B-00C04F79EFBC}") = "Blog.Presentation.WebApp", "Blog\Blog.Presentation.WebApp.csproj", "{1A188B40-3097-402A-8BF7-56D2BDA6B7E9}"
EndProject
Project("{2150E333-8FDC-42A3-9474-1A3956D46DE8}") = "Source", "Source", "{83317DF8-9915-4E69-BB7B-22BE891EE69F}"
EndProject
Project("{2150E333-8FDC-42A3-9474-1A3956D46DE8}") = "Presentation", "Presentation", "{62AD20C2-1552-46C3-AEC9-4AFDECDFEEB1}"
EndProject
Project("{2150E333-8FDC-42A3-9474-1A3956D46DE8}") = "Core", "Core", "{2EC0E1DB-C01E-4684-AAC2-612A8377E62F}"
EndProject
Project("{2150E333-8FDC-42A3-9474-1A3956D46DE8}") = "WebApp", "WebApp", "{25CAE860-80BA-4563-B58C-ADA22FD484AF}"
EndProject
Project("{2150E333-8FDC-42A3-9474-1A3956D46DE8}") = "WebApi", "WebApi", "{07E6F204-0B0F-4266-853F-453C7A2C55AB}"
EndProject
Project("{2150E333-8FDC-42A3-9474-1A3956D46DE8}") = "Infraestructure", "Infraestructure", "{0247F7CC-23C7-462E-8FED-7A2C40CD9981}"
EndProject
Project("{FAE04EC0-301F-11D3-BF4B-00C04F79EFBC}") = "Blog.Infraestructure.Presistance", "Blog.Infraestructure.Presistance\Blog.Infraestructure.Presistance.csproj", "{28C153EC-33D9-44EE-9B1B-DCA348290494}"
EndProject
Project("{FAE04EC0-301F-11D3-BF4B-00C04F79EFBC}") = "Blog.Infraestructure.Identity", "Blog.Infraestructure.Identity\Blog.Infraestructure.Identity.csproj", "{B36C095F-40BC-4C2F-8AB4-747771611C35}"
EndProject
Project("{FAE04EC0-301F-11D3-BF4B-00C04F79EFBC}") = "Blog.Core.Application", "Blog.Core.Application\Blog.Core.Application.csproj", "{C0CE4A25-DE70-422E-874D-5FA533704D9B}"
EndProject
Project("{FAE04EC0-301F-11D3-BF4B-00C04F79EFBC}") = "Blog.Core.Domain", "Blog.Core.Domain\Blog.Core.Domain.csproj", "{2329832E-5EB5-403D-8A02-431CBE89064D}"
EndProject
Project("{FAE04EC0-301F-11D3-BF4B-00C04F79EFBC}") = "Blog.Presentation.WebApi", "Blog.Presentation.WebApi\Blog.Presentation.WebApi.csproj", "{0C1E2ACB-884E-416F-A39C-FAAC80D22E0A}"
EndProject
Global
	GlobalSection(SolutionConfigurationPlatforms) = preSolution
		Debug|Any CPU = Debug|Any CPU
		Release|Any CPU = Release|Any CPU
	EndGlobalSection
	GlobalSection(ProjectConfigurationPlatforms) = postSolution
		{1A188B40-3097-402A-8BF7-56D2BDA6B7E9}.Debug|Any CPU.ActiveCfg = Debug|Any CPU
		{1A188B40-3097-402A-8BF7-56D2BDA6B7E9}.Debug|Any CPU.Build.0 = Debug|Any CPU
		{1A188B40-3097-402A-8BF7-56D2BDA6B7E9}.Release|Any CPU.ActiveCfg = Release|Any CPU
		{1A188B40-3097-402A-8BF7-56D2BDA6B7E9}.Release|Any CPU.Build.0 = Release|Any CPU
		{28C153EC-33D9-44EE-9B1B-DCA348290494}.Debug|Any CPU.ActiveCfg = Debug|Any CPU
		{28C153EC-33D9-44EE-9B1B-DCA348290494}.Debug|Any CPU.Build.0 = Debug|Any CPU
		{28C153EC-33D9-44EE-9B1B-DCA348290494}.Release|Any CPU.ActiveCfg = Release|Any CPU
		{28C153EC-33D9-44EE-9B1B-DCA348290494}.Release|Any CPU.Build.0 = Release|Any CPU
		{B36C095F-40BC-4C2F-8AB4-747771611C35}.Debug|Any CPU.ActiveCfg = Debug|Any CPU
		{B36C095F-40BC-4C2F-8AB4-747771611C35}.Debug|Any CPU.Build.0 = Debug|Any CPU
		{B36C095F-40BC-4C2F-8AB4-747771611C35}.Release|Any CPU.ActiveCfg = Release|Any CPU
		{B36C095F-40BC-4C2F-8AB4-747771611C35}.Release|Any CPU.Build.0 = Release|Any CPU
		{C0CE4A25-DE70-422E-874D-5FA533704D9B}.Debug|Any CPU.ActiveCfg = Debug|Any CPU
		{C0CE4A25-DE70-422E-874D-5FA533704D9B}.Debug|Any CPU.Build.0 = Debug|Any CPU
		{C0CE4A25-DE70-422E-874D-5FA533704D9B}.Release|Any CPU.ActiveCfg = Release|Any CPU
		{C0CE4A25-DE70-422E-874D-5FA533704D9B}.Release|Any CPU.Build.0 = Release|Any CPU
		{2329832E-5EB5-403D-8A02-431CBE89064D}.Debug|Any CPU.ActiveCfg = Debug|Any CPU
		{2329832E-5EB5-403D-8A02-431CBE89064D}.Debug|Any CPU.Build.0 = Debug|Any CPU
		{2329832E-5EB5-403D-8A02-431CBE89064D}.Release|Any CPU.ActiveCfg = Release|Any CPU
		{2329832E-5EB5-403D-8A02-431CBE89064D}.Release|Any CPU.Build.0 = Release|Any CPU
		{0C1E2ACB-884E-416F-A39C-FAAC80D22E0A}.Debug|Any CPU.ActiveCfg = Debug|Any CPU
		{0C1E2ACB-884E-416F-A39C-FAAC80D22E0A}.Debug|Any CPU.Build.0 = Debug|Any CPU
		{0C1E2ACB-884E-416F-A39C-FAAC80D22E0A}.Release|Any CPU.ActiveCfg = Release|Any CPU
		{0C1E2ACB-884E-416F-A39C-FAAC80D22E0A}.Release|Any CPU.Build.0 = Release|Any CPU
	EndGlobalSection
	GlobalSection(SolutionProperties) = preSolution
		HideSolutionNode = FALSE
	EndGlobalSection
	GlobalSection(NestedProjects) = preSolution
		{1A188B40-3097-402A-8BF7-56D2BDA6B7E9} = {25CAE860-80BA-4563-B58C-ADA22FD484AF}
		{62AD20C2-1552-46C3-AEC9-4AFDECDFEEB1} = {83317DF8-9915-4E69-BB7B-22BE891EE69F}
		{2EC0E1DB-C01E-4684-AAC2-612A8377E62F} = {83317DF8-9915-4E69-BB7B-22BE891EE69F}
		{25CAE860-80BA-4563-B58C-ADA22FD484AF} = {62AD20C2-1552-46C3-AEC9-4AFDECDFEEB1}
		{07E6F204-0B0F-4266-853F-453C7A2C55AB} = {62AD20C2-1552-46C3-AEC9-4AFDECDFEEB1}
		{0247F7CC-23C7-462E-8FED-7A2C40CD9981} = {83317DF8-9915-4E69-BB7B-22BE891EE69F}
		{28C153EC-33D9-44EE-9B1B-DCA348290494} = {0247F7CC-23C7-462E-8FED-7A2C40CD9981}
		{B36C095F-40BC-4C2F-8AB4-747771611C35} = {0247F7CC-23C7-462E-8FED-7A2C40CD9981}
		{C0CE4A25-DE70-422E-874D-5FA533704D9B} = {2EC0E1DB-C01E-4684-AAC2-612A8377E62F}
		{2329832E-5EB5-403D-8A02-431CBE89064D} = {2EC0E1DB-C01E-4684-AAC2-612A8377E62F}
		{0C1E2ACB-884E-416F-A39C-FAAC80D22E0A} = {07E6F204-0B0F-4266-853F-453C7A2C55AB}
	EndGlobalSection
	GlobalSection(ExtensibilityGlobals) = postSolution
		SolutionGuid = {0D1E2658-9B52-4624-B561-FEAB6294CC26}
	EndGlobalSection
EndGlobal
